{
	"name": "uniorg",
	"version": "0.1.2",
	"lockfileVersion": 1,
	"requires": true,
	"dependencies": {
		"@types/unist": {
			"version": "2.0.3",
			"resolved": "https://registry.npmjs.org/@types/unist/-/unist-2.0.3.tgz",
			"integrity": "sha512-FvUupuM3rlRsRtCN+fDudtmytGO6iHJuuRKS1Ss0pG5z8oX0diNEw94UEL7hgDbpN94rgaK5R7sWm6RrSkZuAQ==",
			"dev": true
		}
	}
}
