{
  "nodes": {
    "nixpkgs": {
      "locked": {
        "lastModified": 1610291376,
        "narHash": "sha256-6zjaMmndJ7eZPToyT1FbseXwxAk46xXXgiVbaC98zo4=",
        "owner": "NixOS",
        "repo": "nixpkgs",
        "rev": "51894963cbdc41f0cd8f571b7bcf79437d940355",
        "type": "github"
      },
      "original": {
        "owner": "NixOS",
        "ref": "nixpkgs-unstable",
        "repo": "nixpkgs",
        "type": "github"
      }
    },
    "root": {
      "inputs": {
        "nixpkgs": "nixpkgs"
      }
    }
  },
  "root": "root",
  "version": 7
}
