{
	"name": "org-braindump",
	"version": "0.4.8",
	"lockfileVersion": 1,
	"requires": true,
	"dependencies": {
		"@jsdevtools/rehype-url-inspector": {
			"version": "2.0.2",
			"resolved": "https://registry.npmjs.org/@jsdevtools/rehype-url-inspector/-/rehype-url-inspector-2.0.2.tgz",
			"integrity": "sha512-iQL2lb+nOoT+5jFz1nfOa3oBJPF2JyBtPQgGmrRhxLT3QZAGIMLz/mh/9mUmk7FfKF5NB8xq0KoLn5F4/QHpyA==",
			"requires": {
				"url-regex": "^5.0.0",
				"vfile": "^4.1.1"
			}
		},
		"@mapbox/hast-util-table-cell-style": {
			"version": "0.2.0",
			"resolved": "https://registry.npmjs.org/@mapbox/hast-util-table-cell-style/-/hast-util-table-cell-style-0.2.0.tgz",
			"integrity": "sha512-gqaTIGC8My3LVSnU38IwjHVKJC94HSonjvFHDk8/aSrApL8v4uWgm8zJkK7MJIIbHuNOr/+Mv2KkQKcxs6LEZA==",
			"requires": {
				"unist-util-visit": "^1.4.1"
			},
			"dependencies": {
				"unist-util-is": {
					"version": "3.0.0",
					"resolved": "https://registry.npmjs.org/unist-util-is/-/unist-util-is-3.0.0.tgz",
					"integrity": "sha512-sVZZX3+kspVNmLWBPAB6r+7D9ZgAFPNWm66f7YNb420RlQSbn+n8rG8dGZSkrER7ZIXGQYNm5pqC3v3HopH24A=="
				},
				"unist-util-visit": {
					"version": "1.4.1",
					"resolved": "https://registry.npmjs.org/unist-util-visit/-/unist-util-visit-1.4.1.tgz",
					"integrity": "sha512-AvGNk7Bb//EmJZyhtRUnNMEpId/AZ5Ph/KUpTI09WHQuDZHKovQ1oEv3mfmKpWKtoMzyMC4GLBm1Zy5k12fjIw==",
					"requires": {
						"unist-util-visit-parents": "^2.0.0"
					}
				},
				"unist-util-visit-parents": {
					"version": "2.1.2",
					"resolved": "https://registry.npmjs.org/unist-util-visit-parents/-/unist-util-visit-parents-2.1.2.tgz",
					"integrity": "sha512-DyN5vD4NE3aSeB+PXYNKxzGsfocxp6asDc2XXE3b0ekO2BaRUpBicbbUygfSvYfUz1IkmjFR1YF7dPklraMZ2g==",
					"requires": {
						"unist-util-is": "^3.0.0"
					}
				}
			}
		},
		"@next/env": {
			"version": "12.1.2",
			"resolved": "https://registry.npmjs.org/@next/env/-/env-12.1.2.tgz",
			"integrity": "sha512-A/P4ysmFScBFyu1ZV0Mr1Y89snyQhqGwsCrkEpK+itMF+y+pMqBoPVIyakUf4LXqGWJGiGFuIerihvSG70Ad8Q=="
		},
		"@next/swc-android-arm-eabi": {
			"version": "12.1.2",
			"resolved": "https://registry.npmjs.org/@next/swc-android-arm-eabi/-/swc-android-arm-eabi-12.1.2.tgz",
			"integrity": "sha512-iwalfLBhYmCIlj09czFbovj1SmTycf0AGR8CB357wgmEN8xIuznIwSsCH87AhwQ9apfNtdeDhxvuKmhS9T3FqQ==",
			"optional": true
		},
		"@next/swc-android-arm64": {
			"version": "12.1.2",
			"resolved": "https://registry.npmjs.org/@next/swc-android-arm64/-/swc-android-arm64-12.1.2.tgz",
			"integrity": "sha512-ZoR0Vx7czJhTgRAcFbzTKQc2n2ChC036/uc6PbgYiI/LreEnfmsV/CiREP0pUVs5ndntOX8kBA3BSbh4zCO5tQ==",
			"optional": true
		},
		"@next/swc-darwin-arm64": {
			"version": "12.1.2",
			"resolved": "https://registry.npmjs.org/@next/swc-darwin-arm64/-/swc-darwin-arm64-12.1.2.tgz",
			"integrity": "sha512-VXv7lpqFjHwkK65CZHkjvBxlSBTG+l3O0Zl2zHniHj0xHzxJZvR8VFjV2zIMZCYSfVqeQ5yt2rjwuQ9zbpGtXQ==",
			"optional": true
		},
		"@next/swc-darwin-x64": {
			"version": "12.1.2",
			"resolved": "https://registry.npmjs.org/@next/swc-darwin-x64/-/swc-darwin-x64-12.1.2.tgz",
			"integrity": "sha512-evXxJQnXEnU+heWyun7d0UV6bhBcmoiyFGR3O3v9qdhGbeXh+SXYVxRO69juuh6V7RWRdlb1KQ0rGUNa1k0XSw==",
			"optional": true
		},
		"@next/swc-linux-arm-gnueabihf": {
			"version": "12.1.2",
			"resolved": "https://registry.npmjs.org/@next/swc-linux-arm-gnueabihf/-/swc-linux-arm-gnueabihf-12.1.2.tgz",
			"integrity": "sha512-LJV/wo6R0Ot7Y/20bZs00aBG4J333RT6H/5Q2AROE4Hnx7cenSktSnfU6WCnJgzYLSIHdbLs549LcZMULuVquw==",
			"optional": true
		},
		"@next/swc-linux-arm64-gnu": {
			"version": "12.1.2",
			"resolved": "https://registry.npmjs.org/@next/swc-linux-arm64-gnu/-/swc-linux-arm64-gnu-12.1.2.tgz",
			"integrity": "sha512-fjlYU1Y8kVjjRKyuyQBYLHPxjGOS2ox7U8TqAvtgKvd2PxqdsgW4sP+VDovRVPrZlGXNllKoJiqMO1OoR9fB6w==",
			"optional": true
		},
		"@next/swc-linux-arm64-musl": {
			"version": "12.1.2",
			"resolved": "https://registry.npmjs.org/@next/swc-linux-arm64-musl/-/swc-linux-arm64-musl-12.1.2.tgz",
			"integrity": "sha512-Y1JRDMHqSjLObjyrD1hf6ePrJcOF/mkw+LbAzoNgrHL1dSuIAqcz3jYunJt8T7Yw48xSJy6LPSL9BclAHwEwOA==",
			"optional": true
		},
		"@next/swc-linux-x64-gnu": {
			"version": "12.1.2",
			"resolved": "https://registry.npmjs.org/@next/swc-linux-x64-gnu/-/swc-linux-x64-gnu-12.1.2.tgz",
			"integrity": "sha512-5N4QSRT60ikQqCU8iHfYZzlhg6MFTLsKhMTARmhn8wLtZfN9VVyTFwZrJQWjV64dZc4JFeXDANGao8fm55y6bw==",
			"optional": true
		},
		"@next/swc-linux-x64-musl": {
			"version": "12.1.2",
			"resolved": "https://registry.npmjs.org/@next/swc-linux-x64-musl/-/swc-linux-x64-musl-12.1.2.tgz",
			"integrity": "sha512-b32F/xAgdYG4Pt0foFzhF+2uhvNxnEj7aJNp1R4EhZotdej2PzvFWcP/dGkc7MJl205pBz5oC3gHyILIIlW6XA==",
			"optional": true
		},
		"@next/swc-win32-arm64-msvc": {
			"version": "12.1.2",
			"resolved": "https://registry.npmjs.org/@next/swc-win32-arm64-msvc/-/swc-win32-arm64-msvc-12.1.2.tgz",
			"integrity": "sha512-hVOcGmWDeVwO00Aclopsj6MoYhfJl5zA4vjAai9KjgclQTFZa/DC0vQjgKAHHKGT5oMHgjiq/G7L6P1/UfwYnw==",
			"optional": true
		},
		"@next/swc-win32-ia32-msvc": {
			"version": "12.1.2",
			"resolved": "https://registry.npmjs.org/@next/swc-win32-ia32-msvc/-/swc-win32-ia32-msvc-12.1.2.tgz",
			"integrity": "sha512-wnVDGIVz2pR3vIkyN6IE+1NvMSBrBj1jba11iR16m8TAPzZH/PrNsxr0a9N5VavEXXLcQpoUVvT+N7nflbRAHg==",
			"optional": true
		},
		"@next/swc-win32-x64-msvc": {
			"version": "12.1.2",
			"resolved": "https://registry.npmjs.org/@next/swc-win32-x64-msvc/-/swc-win32-x64-msvc-12.1.2.tgz",
			"integrity": "sha512-MLNcurEpQp0+7OU9261f7PkN52xTGkfrt4IYTIXau7DO/aHj927oK6piIJdl9EOHdX/KN5W6qlyErj170PSHtw==",
			"optional": true
		},
		"@types/hast": {
			"version": "2.3.4",
			"resolved": "https://registry.npmjs.org/@types/hast/-/hast-2.3.4.tgz",
			"integrity": "sha512-wLEm0QvaoawEDoTRwzTXp4b4jpwiJDvR5KMnFnVodm3scufTlBOWRD6N1OBf9TZMhjlNsSfcO5V+7AF4+Vy+9g==",
			"requires": {
				"@types/unist": "*"
			}
		},
		"@types/prop-types": {
			"version": "15.7.4",
			"resolved": "https://registry.npmjs.org/@types/prop-types/-/prop-types-15.7.4.tgz",
			"integrity": "sha512-rZ5drC/jWjrArrS8BR6SIr4cWpW09RNTYt9AMZo3Jwwif+iacXAqgVjm0B0Bv/S1jhDXKHqRVNCbACkJ89RAnQ=="
		},
		"@types/react": {
			"version": "17.0.43",
			"resolved": "https://registry.npmjs.org/@types/react/-/react-17.0.43.tgz",
			"integrity": "sha512-8Q+LNpdxf057brvPu1lMtC5Vn7J119xrP1aq4qiaefNioQUYANF/CYeK4NsKorSZyUGJ66g0IM+4bbjwx45o2A==",
			"requires": {
				"@types/prop-types": "*",
				"@types/scheduler": "*",
				"csstype": "^3.0.2"
			}
		},
		"@types/scheduler": {
			"version": "0.16.2",
			"resolved": "https://registry.npmjs.org/@types/scheduler/-/scheduler-0.16.2.tgz",
			"integrity": "sha512-hppQEBDmlwhFAXKJX2KnWLYu5yMfi91yazPb2l+lbJiwW+wdo1gNeRA+3RgNSO39WYX2euey41KEwnqesU2Jew=="
		},
		"@types/supports-color": {
			"version": "8.1.1",
			"resolved": "https://registry.npmjs.org/@types/supports-color/-/supports-color-8.1.1.tgz",
			"integrity": "sha512-dPWnWsf+kzIG140B8z2w3fr5D03TLWbOAFQl45xUpI3vcizeXriNR5VYkWZ+WTMsUHqZ9Xlt3hrxGNANFyNQfw=="
		},
		"@types/unist": {
			"version": "2.0.3",
			"resolved": "https://registry.npmjs.org/@types/unist/-/unist-2.0.3.tgz",
			"integrity": "sha512-FvUupuM3rlRsRtCN+fDudtmytGO6iHJuuRKS1Ss0pG5z8oX0diNEw94UEL7hgDbpN94rgaK5R7sWm6RrSkZuAQ=="
		},
		"ansi-regex": {
			"version": "6.0.1",
			"resolved": "https://registry.npmjs.org/ansi-regex/-/ansi-regex-6.0.1.tgz",
			"integrity": "sha512-n5M855fKb2SsfMIiFFoVrABHJC8QtHwVx+mHWP3QcEqBHYienj5dHSgjbxtC0WEZXYt4wcD6zrQElDPhFuZgfA=="
		},
		"bail": {
			"version": "2.0.2",
			"resolved": "https://registry.npmjs.org/bail/-/bail-2.0.2.tgz",
			"integrity": "sha512-0xO6mYd7JB2YesxDKplafRpsiOzPt9V02ddPCLbY1xYGPOX24NTyN50qnUxgCPcSoYMhKpAuBTjQoRZCAkUDRw=="
		},
		"caniuse-lite": {
			"version": "1.0.30001322",
			"resolved": "https://registry.npmjs.org/caniuse-lite/-/caniuse-lite-1.0.30001322.tgz",
			"integrity": "sha512-neRmrmIrCGuMnxGSoh+x7zYtQFFgnSY2jaomjU56sCkTA6JINqQrxutF459JpWcWRajvoyn95sOXq4Pqrnyjew=="
		},
		"csstype": {
			"version": "3.0.11",
			"resolved": "https://registry.npmjs.org/csstype/-/csstype-3.0.11.tgz",
			"integrity": "sha512-sa6P2wJ+CAbgyy4KFssIb/JNMLxFvKF1pCYCSXS8ZMuqZnMsrxqI2E5sPyoTpxoPU/gVZMzr2zjOfg8GIZOMsw=="
		},
		"eastasianwidth": {
			"version": "0.2.0",
			"resolved": "https://registry.npmjs.org/eastasianwidth/-/eastasianwidth-0.2.0.tgz",
			"integrity": "sha512-I88TYZWc9XiYHRQ4/3c5rjjfgkjhLyW2luGIheGERbNQ6OY7yTybanSpDXZa8y7VUP9YmDcYa+eyq4ca7iLqWA=="
		},
		"emoji-regex": {
			"version": "9.2.2",
			"resolved": "https://registry.npmjs.org/emoji-regex/-/emoji-regex-9.2.2.tgz",
			"integrity": "sha512-L18DaJsXSUk2+42pv8mLs5jJT2hqFkFE4j21wOmgbUqsZ2hL72NsUU785g9RXgo3s0ZNgVl42TiHp3ZtOv/Vyg=="
		},
		"extend": {
			"version": "3.0.2",
			"resolved": "https://registry.npmjs.org/extend/-/extend-3.0.2.tgz",
			"integrity": "sha512-fjquC59cD7CyW6urNXK0FBufkZcoiGG80wTuPujX590cB5Ttln20E2UB4S/WARVqhXffZl2LNgS+gQdPIIim/g=="
		},
		"hast-to-hyperscript": {
			"version": "10.0.1",
			"resolved": "https://registry.npmjs.org/hast-to-hyperscript/-/hast-to-hyperscript-10.0.1.tgz",
			"integrity": "sha512-dhIVGoKCQVewFi+vz3Vt567E4ejMppS1haBRL6TEmeLeJVB1i/FJIIg/e6s1Bwn0g5qtYojHEKvyGA+OZuyifw==",
			"requires": {
				"@types/unist": "^2.0.0",
				"comma-separated-tokens": "^2.0.0",
				"property-information": "^6.0.0",
				"space-separated-tokens": "^2.0.0",
				"style-to-object": "^0.3.0",
				"unist-util-is": "^5.0.0",
				"web-namespaces": "^2.0.0"
			},
			"dependencies": {
				"comma-separated-tokens": {
					"version": "2.0.2",
					"resolved": "https://registry.npmjs.org/comma-separated-tokens/-/comma-separated-tokens-2.0.2.tgz",
					"integrity": "sha512-G5yTt3KQN4Yn7Yk4ed73hlZ1evrFKXeUW3086p3PRFNp7m2vIjI6Pg+Kgb+oyzhd9F2qdcoj67+y3SdxL5XWsg=="
				},
				"property-information": {
					"version": "6.1.1",
					"resolved": "https://registry.npmjs.org/property-information/-/property-information-6.1.1.tgz",
					"integrity": "sha512-hrzC564QIl0r0vy4l6MvRLhafmUowhO/O3KgVSoXIbbA2Sz4j8HGpJc6T2cubRVwMwpdiG/vKGfhT4IixmKN9w=="
				},
				"space-separated-tokens": {
					"version": "2.0.1",
					"resolved": "https://registry.npmjs.org/space-separated-tokens/-/space-separated-tokens-2.0.1.tgz",
					"integrity": "sha512-ekwEbFp5aqSPKaqeY1PGrlGQxPNaq+Cnx4+bE2D8sciBQrHpbwoBbawqTN2+6jPs9IdWxxiUcN0K2pkczD3zmw=="
				},
				"unist-util-is": {
					"version": "5.1.1",
					"resolved": "https://registry.npmjs.org/unist-util-is/-/unist-util-is-5.1.1.tgz",
					"integrity": "sha512-F5CZ68eYzuSvJjGhCLPL3cYx45IxkqXSetCcRgUXtbcm50X2L9oOWQlfUfDdAf+6Pd27YDblBfdtmsThXmwpbQ=="
				}
			}
		},
		"hast-util-whitespace": {
			"version": "2.0.0",
			"resolved": "https://registry.npmjs.org/hast-util-whitespace/-/hast-util-whitespace-2.0.0.tgz",
			"integrity": "sha512-Pkw+xBHuV6xFeJprJe2BBEoDV+AvQySaz3pPDRUs5PNZEMQjpXJJueqrpcHIXxnWTcAGi/UOCgVShlkY6kLoqg=="
		},
		"inline-style-parser": {
			"version": "0.1.1",
			"resolved": "https://registry.npmjs.org/inline-style-parser/-/inline-style-parser-0.1.1.tgz",
			"integrity": "sha512-7NXolsK4CAS5+xvdj5OMMbI962hU/wvwoxk+LWR9Ek9bVtyuuYScDN6eS0rUm6TxApFpw7CX1o4uJzcd4AyD3Q=="
		},
		"ip-regex": {
			"version": "4.2.0",
			"resolved": "https://registry.npmjs.org/ip-regex/-/ip-regex-4.2.0.tgz",
			"integrity": "sha512-n5cDDeTWWRwK1EBoWwRti+8nP4NbytBBY0pldmnIkq6Z55KNFmWofh4rl9dPZpj+U/nVq7gweR3ylrvMt4YZ5A=="
		},
		"is-buffer": {
			"version": "2.0.5",
			"resolved": "https://registry.npmjs.org/is-buffer/-/is-buffer-2.0.5.tgz",
			"integrity": "sha512-i2R6zNFDwgEHJyQUtJEk0XFi1i0dPFn/oqjK3/vPCcDeJvW5NQ83V8QbicfF1SupOaB0h8ntgBC2YiE7dfyctQ=="
		},
		"is-plain-obj": {
			"version": "4.0.0",
			"resolved": "https://registry.npmjs.org/is-plain-obj/-/is-plain-obj-4.0.0.tgz",
			"integrity": "sha512-NXRbBtUdBioI73y/HmOhogw/U5msYPC9DAtGkJXeFcFWSFZw0mCUsPxk/snTuJHzNKA8kLBK4rH97RMB1BfCXw=="
		},
		"js-tokens": {
			"version": "4.0.0",
			"resolved": "https://registry.npmjs.org/js-tokens/-/js-tokens-4.0.0.tgz",
			"integrity": "sha512-RdJUflcE3cUzKiMqQgsCu06FPu9UdIJO0beYbPhHN4k6apgJtifcoCtT9bcxOpYBtpD2kCM6Sbzg4CausW/PKQ=="
		},
		"loose-envify": {
			"version": "1.4.0",
			"resolved": "https://registry.npmjs.org/loose-envify/-/loose-envify-1.4.0.tgz",
			"integrity": "sha512-lyuxPGr/Wfhrlem2CL/UcnUc1zcqKAImBDzukY7Y5F/yQiNdko6+fRLevlw1HgMySw7f611UIY408EtxRSoK3Q==",
			"requires": {
				"js-tokens": "^3.0.0 || ^4.0.0"
			}
		},
		"nanoid": {
			"version": "3.3.2",
			"resolved": "https://registry.npmjs.org/nanoid/-/nanoid-3.3.2.tgz",
			"integrity": "sha512-CuHBogktKwpm5g2sRgv83jEy2ijFzBwMoYA60orPDR7ynsLijJDqgsi4RDGj3OJpy3Ieb+LYwiRmIOGyytgITA=="
		},
		"next": {
			"version": "12.1.2",
			"resolved": "https://registry.npmjs.org/next/-/next-12.1.2.tgz",
			"integrity": "sha512-JHPCsnFTBO0Z4SQxSYc611UA1WA+r/3y3Neg66AH5/gSO/oksfRnFw/zGX/FZ9+oOUHS9y3wJFawNpVYR2gJSQ==",
			"requires": {
				"@next/env": "12.1.2",
				"@next/swc-android-arm-eabi": "12.1.2",
				"@next/swc-android-arm64": "12.1.2",
				"@next/swc-darwin-arm64": "12.1.2",
				"@next/swc-darwin-x64": "12.1.2",
				"@next/swc-linux-arm-gnueabihf": "12.1.2",
				"@next/swc-linux-arm64-gnu": "12.1.2",
				"@next/swc-linux-arm64-musl": "12.1.2",
				"@next/swc-linux-x64-gnu": "12.1.2",
				"@next/swc-linux-x64-musl": "12.1.2",
				"@next/swc-win32-arm64-msvc": "12.1.2",
				"@next/swc-win32-ia32-msvc": "12.1.2",
				"@next/swc-win32-x64-msvc": "12.1.2",
				"caniuse-lite": "^1.0.30001283",
				"postcss": "8.4.5",
				"styled-jsx": "5.0.1",
				"use-subscription": "1.5.1"
			}
		},
		"object-assign": {
			"version": "4.1.1",
			"resolved": "https://registry.npmjs.org/object-assign/-/object-assign-4.1.1.tgz",
			"integrity": "sha1-IQmtx5ZYh8/AXLvUQsrIv7s2CGM="
		},
		"picocolors": {
			"version": "1.0.0",
			"resolved": "https://registry.npmjs.org/picocolors/-/picocolors-1.0.0.tgz",
			"integrity": "sha512-1fygroTLlHu66zi26VoTDv8yRgm0Fccecssto+MhsZ0D/DGW2sm8E8AjW7NU5VVTRt5GxbeZ5qBuJr+HyLYkjQ=="
		},
		"postcss": {
			"version": "8.4.5",
			"resolved": "https://registry.npmjs.org/postcss/-/postcss-8.4.5.tgz",
			"integrity": "sha512-jBDboWM8qpaqwkMwItqTQTiFikhs/67OYVvblFFTM7MrZjt6yMKd6r2kgXizEbTTljacm4NldIlZnhbjr84QYg==",
			"requires": {
				"nanoid": "^3.1.30",
				"picocolors": "^1.0.0",
				"source-map-js": "^1.0.1"
			}
		},
		"react": {
			"version": "17.0.2",
			"resolved": "https://registry.npmjs.org/react/-/react-17.0.2.tgz",
			"integrity": "sha512-gnhPt75i/dq/z3/6q/0asP78D0u592D5L1pd7M8P+dck6Fu/jJeL6iVVK23fptSUZj8Vjf++7wXA8UNclGQcbA==",
			"requires": {
				"loose-envify": "^1.1.0",
				"object-assign": "^4.1.1"
			}
		},
		"react-dom": {
			"version": "17.0.2",
			"resolved": "https://registry.npmjs.org/react-dom/-/react-dom-17.0.2.tgz",
			"integrity": "sha512-s4h96KtLDUQlsENhMn1ar8t2bEa+q/YAtj8pPPdIjPDGBDIVNsrD9aXNWqspUe6AzKCIG0C1HZZLqLV7qpOBGA==",
			"requires": {
				"loose-envify": "^1.1.0",
				"object-assign": "^4.1.1",
				"scheduler": "^0.20.2"
			}
		},
		"rehype-react": {
			"version": "7.0.4",
			"resolved": "https://registry.npmjs.org/rehype-react/-/rehype-react-7.0.4.tgz",
			"integrity": "sha512-mC3gT/EVmxB8mgwz6XkupjF/UAhA2NOai/bYvTQYC+AW0jvomXB+LGpC4UcX3vsY327nM29BttEDG4lLrtqu/g==",
			"requires": {
				"@mapbox/hast-util-table-cell-style": "^0.2.0",
				"@types/hast": "^2.0.0",
				"@types/react": "^17.0.0",
				"hast-to-hyperscript": "^10.0.0",
				"hast-util-whitespace": "^2.0.0",
				"unified": "^10.0.0"
			}
		},
		"rehype-url-inspector": {
			"version": "2.0.2",
			"resolved": "https://registry.npmjs.org/rehype-url-inspector/-/rehype-url-inspector-2.0.2.tgz",
			"integrity": "sha512-mMbllcH41iweCClditEVD+dCntCdItKJh+ajh8XdjhdaPPvHOy0RW0Fa1Il4+Zq0yvAaqG/dGCrlDyW79X/rhA==",
			"requires": {
				"@jsdevtools/rehype-url-inspector": "2.0.2"
			}
		},
		"scheduler": {
			"version": "0.20.2",
			"resolved": "https://registry.npmjs.org/scheduler/-/scheduler-0.20.2.tgz",
			"integrity": "sha512-2eWfGgAqqWFGqtdMmcL5zCMK1U8KlXv8SQFGglL3CEtd0aDVDWgeF/YoCmvln55m5zSk3J/20hTaSBeSObsQDQ==",
			"requires": {
				"loose-envify": "^1.1.0",
				"object-assign": "^4.1.1"
			}
		},
		"source-map-js": {
			"version": "1.0.2",
			"resolved": "https://registry.npmjs.org/source-map-js/-/source-map-js-1.0.2.tgz",
			"integrity": "sha512-R0XvVJ9WusLiqTCEiGCmICCMplcCkIwwR11mOSD9CR5u+IXYdiseeEuXCVAjS54zqwkLcPNnmU4OeJ6tUrWhDw=="
		},
		"string-width": {
			"version": "5.1.2",
			"resolved": "https://registry.npmjs.org/string-width/-/string-width-5.1.2.tgz",
			"integrity": "sha512-HnLOCR3vjcY8beoNLtcjZ5/nxn2afmME6lhrDrebokqMap+XbeW8n9TXpPDOqdGK5qcI3oT0GKTW6wC7EMiVqA==",
			"requires": {
				"eastasianwidth": "^0.2.0",
				"emoji-regex": "^9.2.2",
				"strip-ansi": "^7.0.1"
			}
		},
		"strip-ansi": {
			"version": "7.0.1",
			"resolved": "https://registry.npmjs.org/strip-ansi/-/strip-ansi-7.0.1.tgz",
			"integrity": "sha512-cXNxvT8dFNRVfhVME3JAe98mkXDYN2O1l7jmcwMnOslDeESg1rF/OZMtK0nRAhiari1unG5cD4jG3rapUAkLbw==",
			"requires": {
				"ansi-regex": "^6.0.1"
			}
		},
		"style-to-object": {
			"version": "0.3.0",
			"resolved": "https://registry.npmjs.org/style-to-object/-/style-to-object-0.3.0.tgz",
			"integrity": "sha512-CzFnRRXhzWIdItT3OmF8SQfWyahHhjq3HwcMNCNLn+N7klOOqPjMeG/4JSu77D7ypZdGvSzvkrbyeTMizz2VrA==",
			"requires": {
				"inline-style-parser": "0.1.1"
			}
		},
		"styled-jsx": {
			"version": "5.0.1",
			"resolved": "https://registry.npmjs.org/styled-jsx/-/styled-jsx-5.0.1.tgz",
			"integrity": "sha512-+PIZ/6Uk40mphiQJJI1202b+/dYeTVd9ZnMPR80pgiWbjIwvN2zIp4r9et0BgqBuShh48I0gttPlAXA7WVvBxw=="
		},
		"supports-color": {
			"version": "9.2.2",
			"resolved": "https://registry.npmjs.org/supports-color/-/supports-color-9.2.2.tgz",
			"integrity": "sha512-XC6g/Kgux+rJXmwokjm9ECpD6k/smUoS5LKlUCcsYr4IY3rW0XyAympon2RmxGrlnZURMpg5T18gWDP9CsHXFA=="
		},
		"tlds": {
			"version": "1.216.0",
			"resolved": "https://registry.npmjs.org/tlds/-/tlds-1.216.0.tgz",
			"integrity": "sha512-y9A+eMRKLdAOclcFRTk3durpvCWiEdWcQhCOopCO654pckH9+o5Z5VgBsTTAFqtyxB8yFRXSG1q7BCCeHyrm0w=="
		},
		"to-vfile": {
			"version": "7.2.3",
			"resolved": "https://registry.npmjs.org/to-vfile/-/to-vfile-7.2.3.tgz",
			"integrity": "sha512-QO0A9aE6Z/YkmQadJ0syxpmNXtcQiu0qAtCKYKD5cS3EfgfFTAXfgLX6AOaBrSfWSek5nfsMf3gBZ9KGVFcLuw==",
			"requires": {
				"is-buffer": "^2.0.0",
				"vfile": "^5.1.0"
			},
			"dependencies": {
				"unist-util-stringify-position": {
					"version": "3.0.2",
					"resolved": "https://registry.npmjs.org/unist-util-stringify-position/-/unist-util-stringify-position-3.0.2.tgz",
					"integrity": "sha512-7A6eiDCs9UtjcwZOcCpM4aPII3bAAGv13E96IkawkOAW0OhH+yRxtY0lzo8KiHpzEMfH7Q+FizUmwp8Iqy5EWg==",
					"requires": {
						"@types/unist": "^2.0.0"
					}
				},
				"vfile": {
					"version": "5.3.2",
					"resolved": "https://registry.npmjs.org/vfile/-/vfile-5.3.2.tgz",
					"integrity": "sha512-w0PLIugRY3Crkgw89TeMvHCzqCs/zpreR31hl4D92y6SOE07+bfJe+dK5Q2akwS+i/c801kzjoOr9gMcTe6IAA==",
					"requires": {
						"@types/unist": "^2.0.0",
						"is-buffer": "^2.0.0",
						"unist-util-stringify-position": "^3.0.0",
						"vfile-message": "^3.0.0"
					}
				},
				"vfile-message": {
					"version": "3.1.2",
					"resolved": "https://registry.npmjs.org/vfile-message/-/vfile-message-3.1.2.tgz",
					"integrity": "sha512-QjSNP6Yxzyycd4SVOtmKKyTsSvClqBPJcd00Z0zuPj3hOIjg0rUPG6DbFGPvUKRgYyaIWLPKpuEclcuvb3H8qA==",
					"requires": {
						"@types/unist": "^2.0.0",
						"unist-util-stringify-position": "^3.0.0"
					}
				}
			}
		},
		"trough": {
			"version": "2.1.0",
			"resolved": "https://registry.npmjs.org/trough/-/trough-2.1.0.tgz",
			"integrity": "sha512-AqTiAOLcj85xS7vQ8QkAV41hPDIJ71XJB4RCUrzo/1GM2CQwhkJGaf9Hgr7BOugMRpgGUrqRg/DrBDl4H40+8g=="
		},
		"unified": {
			"version": "10.1.2",
			"resolved": "https://registry.npmjs.org/unified/-/unified-10.1.2.tgz",
			"integrity": "sha512-pUSWAi/RAnVy1Pif2kAoeWNBa3JVrx0MId2LASj8G+7AiHWoKZNTomq6LG326T68U7/e263X6fTdcXIy7XnF7Q==",
			"requires": {
				"@types/unist": "^2.0.0",
				"bail": "^2.0.0",
				"extend": "^3.0.0",
				"is-buffer": "^2.0.0",
				"is-plain-obj": "^4.0.0",
				"trough": "^2.0.0",
				"vfile": "^5.0.0"
			},
			"dependencies": {
				"unist-util-stringify-position": {
					"version": "3.0.2",
					"resolved": "https://registry.npmjs.org/unist-util-stringify-position/-/unist-util-stringify-position-3.0.2.tgz",
					"integrity": "sha512-7A6eiDCs9UtjcwZOcCpM4aPII3bAAGv13E96IkawkOAW0OhH+yRxtY0lzo8KiHpzEMfH7Q+FizUmwp8Iqy5EWg==",
					"requires": {
						"@types/unist": "^2.0.0"
					}
				},
				"vfile": {
					"version": "5.3.2",
					"resolved": "https://registry.npmjs.org/vfile/-/vfile-5.3.2.tgz",
					"integrity": "sha512-w0PLIugRY3Crkgw89TeMvHCzqCs/zpreR31hl4D92y6SOE07+bfJe+dK5Q2akwS+i/c801kzjoOr9gMcTe6IAA==",
					"requires": {
						"@types/unist": "^2.0.0",
						"is-buffer": "^2.0.0",
						"unist-util-stringify-position": "^3.0.0",
						"vfile-message": "^3.0.0"
					}
				},
				"vfile-message": {
					"version": "3.1.2",
					"resolved": "https://registry.npmjs.org/vfile-message/-/vfile-message-3.1.2.tgz",
					"integrity": "sha512-QjSNP6Yxzyycd4SVOtmKKyTsSvClqBPJcd00Z0zuPj3hOIjg0rUPG6DbFGPvUKRgYyaIWLPKpuEclcuvb3H8qA==",
					"requires": {
						"@types/unist": "^2.0.0",
						"unist-util-stringify-position": "^3.0.0"
					}
				}
			}
		},
		"unist-util-stringify-position": {
			"version": "2.0.3",
			"resolved": "https://registry.npmjs.org/unist-util-stringify-position/-/unist-util-stringify-position-2.0.3.tgz",
			"integrity": "sha512-3faScn5I+hy9VleOq/qNbAd6pAx7iH5jYBMS9I1HgQVijz/4mv5Bvw5iw1sC/90CODiKo81G/ps8AJrISn687g==",
			"requires": {
				"@types/unist": "^2.0.2"
			}
		},
		"url-regex": {
			"version": "5.0.0",
			"resolved": "https://registry.npmjs.org/url-regex/-/url-regex-5.0.0.tgz",
			"integrity": "sha512-O08GjTiAFNsSlrUWfqF1jH0H1W3m35ZyadHrGv5krdnmPPoxP27oDTqux/579PtaroiSGm5yma6KT1mHFH6Y/g==",
			"requires": {
				"ip-regex": "^4.1.0",
				"tlds": "^1.203.0"
			}
		},
		"use-subscription": {
			"version": "1.5.1",
			"resolved": "https://registry.npmjs.org/use-subscription/-/use-subscription-1.5.1.tgz",
			"integrity": "sha512-Xv2a1P/yReAjAbhylMfFplFKj9GssgTwN7RlcTxBujFQcloStWNDQdc4g4NRWH9xS4i/FDk04vQBptAXoF3VcA==",
			"requires": {
				"object-assign": "^4.1.1"
			}
		},
		"vfile": {
			"version": "4.2.1",
			"resolved": "https://registry.npmjs.org/vfile/-/vfile-4.2.1.tgz",
			"integrity": "sha512-O6AE4OskCG5S1emQ/4gl8zK586RqA3srz3nfK/Viy0UPToBc5Trp9BVFb1u0CjsKrAWwnpr4ifM/KBXPWwJbCA==",
			"requires": {
				"@types/unist": "^2.0.0",
				"is-buffer": "^2.0.0",
				"unist-util-stringify-position": "^2.0.0",
				"vfile-message": "^2.0.0"
			}
		},
		"vfile-find-down": {
			"version": "6.0.0",
			"resolved": "https://registry.npmjs.org/vfile-find-down/-/vfile-find-down-6.0.0.tgz",
			"integrity": "sha512-RYHZhVZj6pRnHN+sp99Zwbm7UNIYYbkdQ5Une38GJ3r58z/48SOwNVpPnwfQV7BhupShfj16kIAm9bm/h8eGUQ==",
			"requires": {
				"to-vfile": "^7.0.0",
				"vfile": "^5.0.0"
			},
			"dependencies": {
				"unist-util-stringify-position": {
					"version": "3.0.2",
					"resolved": "https://registry.npmjs.org/unist-util-stringify-position/-/unist-util-stringify-position-3.0.2.tgz",
					"integrity": "sha512-7A6eiDCs9UtjcwZOcCpM4aPII3bAAGv13E96IkawkOAW0OhH+yRxtY0lzo8KiHpzEMfH7Q+FizUmwp8Iqy5EWg==",
					"requires": {
						"@types/unist": "^2.0.0"
					}
				},
				"vfile": {
					"version": "5.3.2",
					"resolved": "https://registry.npmjs.org/vfile/-/vfile-5.3.2.tgz",
					"integrity": "sha512-w0PLIugRY3Crkgw89TeMvHCzqCs/zpreR31hl4D92y6SOE07+bfJe+dK5Q2akwS+i/c801kzjoOr9gMcTe6IAA==",
					"requires": {
						"@types/unist": "^2.0.0",
						"is-buffer": "^2.0.0",
						"unist-util-stringify-position": "^3.0.0",
						"vfile-message": "^3.0.0"
					}
				},
				"vfile-message": {
					"version": "3.1.2",
					"resolved": "https://registry.npmjs.org/vfile-message/-/vfile-message-3.1.2.tgz",
					"integrity": "sha512-QjSNP6Yxzyycd4SVOtmKKyTsSvClqBPJcd00Z0zuPj3hOIjg0rUPG6DbFGPvUKRgYyaIWLPKpuEclcuvb3H8qA==",
					"requires": {
						"@types/unist": "^2.0.0",
						"unist-util-stringify-position": "^3.0.0"
					}
				}
			}
		},
		"vfile-message": {
			"version": "2.0.4",
			"resolved": "https://registry.npmjs.org/vfile-message/-/vfile-message-2.0.4.tgz",
			"integrity": "sha512-DjssxRGkMvifUOJre00juHoP9DPWuzjxKuMDrhNbk2TdaYYBNMStsNhEOt3idrtI12VQYM/1+iM0KOzXi4pxwQ==",
			"requires": {
				"@types/unist": "^2.0.0",
				"unist-util-stringify-position": "^2.0.0"
			}
		},
		"vfile-rename": {
			"version": "2.0.0",
			"resolved": "https://registry.npmjs.org/vfile-rename/-/vfile-rename-2.0.0.tgz",
			"integrity": "sha512-lz8nYdWdNYzJggYcgktLNPZUtdym8ZxTjMCE4BLACZWi95zLqcOokUOaPCV3JULXkE24dd+nFVzcB/vutg8PtA==",
			"requires": {
				"vfile": "^5.0.0"
			},
			"dependencies": {
				"unist-util-stringify-position": {
					"version": "3.0.2",
					"resolved": "https://registry.npmjs.org/unist-util-stringify-position/-/unist-util-stringify-position-3.0.2.tgz",
					"integrity": "sha512-7A6eiDCs9UtjcwZOcCpM4aPII3bAAGv13E96IkawkOAW0OhH+yRxtY0lzo8KiHpzEMfH7Q+FizUmwp8Iqy5EWg==",
					"requires": {
						"@types/unist": "^2.0.0"
					}
				},
				"vfile": {
					"version": "5.3.2",
					"resolved": "https://registry.npmjs.org/vfile/-/vfile-5.3.2.tgz",
					"integrity": "sha512-w0PLIugRY3Crkgw89TeMvHCzqCs/zpreR31hl4D92y6SOE07+bfJe+dK5Q2akwS+i/c801kzjoOr9gMcTe6IAA==",
					"requires": {
						"@types/unist": "^2.0.0",
						"is-buffer": "^2.0.0",
						"unist-util-stringify-position": "^3.0.0",
						"vfile-message": "^3.0.0"
					}
				},
				"vfile-message": {
					"version": "3.1.2",
					"resolved": "https://registry.npmjs.org/vfile-message/-/vfile-message-3.1.2.tgz",
					"integrity": "sha512-QjSNP6Yxzyycd4SVOtmKKyTsSvClqBPJcd00Z0zuPj3hOIjg0rUPG6DbFGPvUKRgYyaIWLPKpuEclcuvb3H8qA==",
					"requires": {
						"@types/unist": "^2.0.0",
						"unist-util-stringify-position": "^3.0.0"
					}
				}
			}
		},
		"vfile-reporter": {
			"version": "7.0.4",
			"resolved": "https://registry.npmjs.org/vfile-reporter/-/vfile-reporter-7.0.4.tgz",
			"integrity": "sha512-4cWalUnLrEnbeUQ+hARG5YZtaHieVK3Jp4iG5HslttkVl+MHunSGNAIrODOTLbtjWsNZJRMCkL66AhvZAYuJ9A==",
			"requires": {
				"@types/supports-color": "^8.0.0",
				"string-width": "^5.0.0",
				"supports-color": "^9.0.0",
				"unist-util-stringify-position": "^3.0.0",
				"vfile-sort": "^3.0.0",
				"vfile-statistics": "^2.0.0"
			},
			"dependencies": {
				"unist-util-stringify-position": {
					"version": "3.0.2",
					"resolved": "https://registry.npmjs.org/unist-util-stringify-position/-/unist-util-stringify-position-3.0.2.tgz",
					"integrity": "sha512-7A6eiDCs9UtjcwZOcCpM4aPII3bAAGv13E96IkawkOAW0OhH+yRxtY0lzo8KiHpzEMfH7Q+FizUmwp8Iqy5EWg==",
					"requires": {
						"@types/unist": "^2.0.0"
					}
				}
			}
		},
		"vfile-sort": {
			"version": "3.0.0",
			"resolved": "https://registry.npmjs.org/vfile-sort/-/vfile-sort-3.0.0.tgz",
			"integrity": "sha512-fJNctnuMi3l4ikTVcKpxTbzHeCgvDhnI44amA3NVDvA6rTC6oKCFpCVyT5n2fFMr3ebfr+WVQZedOCd73rzSxg==",
			"requires": {
				"vfile-message": "^3.0.0"
			},
			"dependencies": {
				"unist-util-stringify-position": {
					"version": "3.0.2",
					"resolved": "https://registry.npmjs.org/unist-util-stringify-position/-/unist-util-stringify-position-3.0.2.tgz",
					"integrity": "sha512-7A6eiDCs9UtjcwZOcCpM4aPII3bAAGv13E96IkawkOAW0OhH+yRxtY0lzo8KiHpzEMfH7Q+FizUmwp8Iqy5EWg==",
					"requires": {
						"@types/unist": "^2.0.0"
					}
				},
				"vfile-message": {
					"version": "3.1.2",
					"resolved": "https://registry.npmjs.org/vfile-message/-/vfile-message-3.1.2.tgz",
					"integrity": "sha512-QjSNP6Yxzyycd4SVOtmKKyTsSvClqBPJcd00Z0zuPj3hOIjg0rUPG6DbFGPvUKRgYyaIWLPKpuEclcuvb3H8qA==",
					"requires": {
						"@types/unist": "^2.0.0",
						"unist-util-stringify-position": "^3.0.0"
					}
				}
			}
		},
		"vfile-statistics": {
			"version": "2.0.0",
			"resolved": "https://registry.npmjs.org/vfile-statistics/-/vfile-statistics-2.0.0.tgz",
			"integrity": "sha512-foOWtcnJhKN9M2+20AOTlWi2dxNfAoeNIoxD5GXcO182UJyId4QrXa41fWrgcfV3FWTjdEDy3I4cpLVcQscIMA==",
			"requires": {
				"vfile-message": "^3.0.0"
			},
			"dependencies": {
				"unist-util-stringify-position": {
					"version": "3.0.2",
					"resolved": "https://registry.npmjs.org/unist-util-stringify-position/-/unist-util-stringify-position-3.0.2.tgz",
					"integrity": "sha512-7A6eiDCs9UtjcwZOcCpM4aPII3bAAGv13E96IkawkOAW0OhH+yRxtY0lzo8KiHpzEMfH7Q+FizUmwp8Iqy5EWg==",
					"requires": {
						"@types/unist": "^2.0.0"
					}
				},
				"vfile-message": {
					"version": "3.1.2",
					"resolved": "https://registry.npmjs.org/vfile-message/-/vfile-message-3.1.2.tgz",
					"integrity": "sha512-QjSNP6Yxzyycd4SVOtmKKyTsSvClqBPJcd00Z0zuPj3hOIjg0rUPG6DbFGPvUKRgYyaIWLPKpuEclcuvb3H8qA==",
					"requires": {
						"@types/unist": "^2.0.0",
						"unist-util-stringify-position": "^3.0.0"
					}
				}
			}
		},
		"web-namespaces": {
			"version": "2.0.1",
			"resolved": "https://registry.npmjs.org/web-namespaces/-/web-namespaces-2.0.1.tgz",
			"integrity": "sha512-bKr1DkiNa2krS7qxNtdrtHAmzuYGFQLiQ13TsorsdT6ULTkPLKuu5+GsFpDlg6JFjUTwX2DyhMPG2be8uPrqsQ=="
		}
	}
}
