{
	"name": "example",
	"version": "0.1.1",
	"lockfileVersion": 1,
	"requires": true,
	"dependencies": {
		"@types/unist": {
			"version": "2.0.3",
			"resolved": "https://registry.npmjs.org/@types/unist/-/unist-2.0.3.tgz",
			"integrity": "sha512-FvUupuM3rlRsRtCN+fDudtmytGO6iHJuuRKS1Ss0pG5z8oX0diNEw94UEL7hgDbpN94rgaK5R7sWm6RrSkZuAQ=="
		},
		"bail": {
			"version": "1.0.5",
			"resolved": "https://registry.npmjs.org/bail/-/bail-1.0.5.tgz",
			"integrity": "sha512-xFbRxM1tahm08yHBP16MMjVUAvDaBMD38zsM9EMAUN61omwLmKlOpB/Zku5QkjZ8TZ4vn53pj+t518cH0S03RQ=="
		},
		"ccount": {
			"version": "1.1.0",
			"resolved": "https://registry.npmjs.org/ccount/-/ccount-1.1.0.tgz",
			"integrity": "sha512-vlNK021QdI7PNeiUh/lKkC/mNHHfV0m/Ad5JoI0TYtlBnJAslM/JIkm/tGC88bkLIwO6OQ5uV6ztS6kVAtCDlg=="
		},
		"character-entities-html4": {
			"version": "1.1.4",
			"resolved": "https://registry.npmjs.org/character-entities-html4/-/character-entities-html4-1.1.4.tgz",
			"integrity": "sha512-HRcDxZuZqMx3/a+qrzxdBKBPUpxWEq9xw2OPZ3a/174ihfrQKVsFhqtthBInFy1zZ9GgZyFXOatNujm8M+El3g=="
		},
		"character-entities-legacy": {
			"version": "1.1.4",
			"resolved": "https://registry.npmjs.org/character-entities-legacy/-/character-entities-legacy-1.1.4.tgz",
			"integrity": "sha512-3Xnr+7ZFS1uxeiUDvV02wQ+QDbc55o97tIV5zHScSPJpcLm/r0DFPcoY3tYRp+VZukxuMeKgXYmsXQHO05zQeA=="
		},
		"comma-separated-tokens": {
			"version": "1.0.8",
			"resolved": "https://registry.npmjs.org/comma-separated-tokens/-/comma-separated-tokens-1.0.8.tgz",
			"integrity": "sha512-GHuDRO12Sypu2cV70d1dkA2EUmXHgntrzbpvOB+Qy+49ypNfGgFQIC2fhhXbnyrJRynDCAARsT7Ou0M6hirpfw=="
		},
		"extend": {
			"version": "3.0.2",
			"resolved": "https://registry.npmjs.org/extend/-/extend-3.0.2.tgz",
			"integrity": "sha512-fjquC59cD7CyW6urNXK0FBufkZcoiGG80wTuPujX590cB5Ttln20E2UB4S/WARVqhXffZl2LNgS+gQdPIIim/g=="
		},
		"hast-util-is-element": {
			"version": "1.1.0",
			"resolved": "https://registry.npmjs.org/hast-util-is-element/-/hast-util-is-element-1.1.0.tgz",
			"integrity": "sha512-oUmNua0bFbdrD/ELDSSEadRVtWZOf3iF6Lbv81naqsIV99RnSCieTbWuWCY8BAeEfKJTKl0gRdokv+dELutHGQ=="
		},
		"hast-util-to-html": {
			"version": "7.1.2",
			"resolved": "https://registry.npmjs.org/hast-util-to-html/-/hast-util-to-html-7.1.2.tgz",
			"integrity": "sha512-pu73bvORzdF6XZgwl9eID/0RjBb/jtRfoGRRSykpR1+o9rCdiAHpgkSukZsQBRlIqMg6ylAcd7F0F7myJUb09Q==",
			"requires": {
				"ccount": "^1.0.0",
				"comma-separated-tokens": "^1.0.0",
				"hast-util-is-element": "^1.0.0",
				"hast-util-whitespace": "^1.0.0",
				"html-void-elements": "^1.0.0",
				"property-information": "^5.0.0",
				"space-separated-tokens": "^1.0.0",
				"stringify-entities": "^3.0.1",
				"unist-util-is": "^4.0.0",
				"xtend": "^4.0.0"
			}
		},
		"hast-util-whitespace": {
			"version": "1.0.4",
			"resolved": "https://registry.npmjs.org/hast-util-whitespace/-/hast-util-whitespace-1.0.4.tgz",
			"integrity": "sha512-I5GTdSfhYfAPNztx2xJRQpG8cuDSNt599/7YUn7Gx/WxNMsG+a835k97TDkFgk123cwjfwINaZknkKkphx/f2A=="
		},
		"html-void-elements": {
			"version": "1.0.5",
			"resolved": "https://registry.npmjs.org/html-void-elements/-/html-void-elements-1.0.5.tgz",
			"integrity": "sha512-uE/TxKuyNIcx44cIWnjr/rfIATDH7ZaOMmstu0CwhFG1Dunhlp4OC6/NMbhiwoq5BpW0ubi303qnEk/PZj614w=="
		},
		"is-buffer": {
			"version": "2.0.5",
			"resolved": "https://registry.npmjs.org/is-buffer/-/is-buffer-2.0.5.tgz",
			"integrity": "sha512-i2R6zNFDwgEHJyQUtJEk0XFi1i0dPFn/oqjK3/vPCcDeJvW5NQ83V8QbicfF1SupOaB0h8ntgBC2YiE7dfyctQ=="
		},
		"is-plain-obj": {
			"version": "2.1.0",
			"resolved": "https://registry.npmjs.org/is-plain-obj/-/is-plain-obj-2.1.0.tgz",
			"integrity": "sha512-YWnfyRwxL/+SsrWYfOpUtz5b3YD+nyfkHvjbcanzk8zgyO4ASD67uVMRt8k5bM4lLMDnXfriRhOpemw+NfT1eA=="
		},
		"once": {
			"version": "1.4.0",
			"resolved": "https://registry.npmjs.org/once/-/once-1.4.0.tgz",
			"integrity": "sha1-WDsap3WWHUsROsF9nFC6753Xa9E=",
			"requires": {
				"wrappy": "1"
			}
		},
		"property-information": {
			"version": "5.6.0",
			"resolved": "https://registry.npmjs.org/property-information/-/property-information-5.6.0.tgz",
			"integrity": "sha512-YUHSPk+A30YPv+0Qf8i9Mbfe/C0hdPXk1s1jPVToV8pk8BQtpw10ct89Eo7OWkutrwqvT0eicAxlOg3dOAu8JA==",
			"requires": {
				"xtend": "^4.0.0"
			}
		},
		"rehype-stringify": {
			"version": "8.0.0",
			"resolved": "https://registry.npmjs.org/rehype-stringify/-/rehype-stringify-8.0.0.tgz",
			"integrity": "sha512-VkIs18G0pj2xklyllrPSvdShAV36Ff3yE5PUO9u36f6+2qJFnn22Z5gKwBOwgXviux4UC7K+/j13AnZfPICi/g==",
			"requires": {
				"hast-util-to-html": "^7.1.1"
			}
		},
		"space-separated-tokens": {
			"version": "1.1.5",
			"resolved": "https://registry.npmjs.org/space-separated-tokens/-/space-separated-tokens-1.1.5.tgz",
			"integrity": "sha512-q/JSVd1Lptzhf5bkYm4ob4iWPjx0KiRe3sRFBNrVqbJkFaBm5vbbowy1mymoPNLRa52+oadOhJ+K49wsSeSjTA=="
		},
		"stringify-entities": {
			"version": "3.1.0",
			"resolved": "https://registry.npmjs.org/stringify-entities/-/stringify-entities-3.1.0.tgz",
			"integrity": "sha512-3FP+jGMmMV/ffZs86MoghGqAoqXAdxLrJP4GUdrDN1aIScYih5tuIO3eF4To5AJZ79KDZ8Fpdy7QJnK8SsL1Vg==",
			"requires": {
				"character-entities-html4": "^1.0.0",
				"character-entities-legacy": "^1.0.0",
				"xtend": "^4.0.0"
			}
		},
		"trough": {
			"version": "1.0.5",
			"resolved": "https://registry.npmjs.org/trough/-/trough-1.0.5.tgz",
			"integrity": "sha512-rvuRbTarPXmMb79SmzEp8aqXNKcK+y0XaB298IXueQ8I2PsrATcPBCSPyK/dDNa2iWOhKlfNnOjdAOTBU/nkFA=="
		},
		"unified": {
			"version": "9.2.0",
			"resolved": "https://registry.npmjs.org/unified/-/unified-9.2.0.tgz",
			"integrity": "sha512-vx2Z0vY+a3YoTj8+pttM3tiJHCwY5UFbYdiWrwBEbHmK8pvsPj2rtAX2BFfgXen8T39CJWblWRDT4L5WGXtDdg==",
			"requires": {
				"bail": "^1.0.0",
				"extend": "^3.0.0",
				"is-buffer": "^2.0.0",
				"is-plain-obj": "^2.0.0",
				"trough": "^1.0.0",
				"vfile": "^4.0.0"
			}
		},
		"unified-stream": {
			"version": "1.0.6",
			"resolved": "https://registry.npmjs.org/unified-stream/-/unified-stream-1.0.6.tgz",
			"integrity": "sha512-04s1S5XCMz5DRMuzioZBSciB2BqCwZX/AaF1/1FuuGunerQd5F6BqbbJZp/GwgSNdWIVv3dcrZZnamHnAEtwmw==",
			"requires": {
				"once": "^1.4.0"
			}
		},
		"unist-util-is": {
			"version": "4.0.4",
			"resolved": "https://registry.npmjs.org/unist-util-is/-/unist-util-is-4.0.4.tgz",
			"integrity": "sha512-3dF39j/u423v4BBQrk1AQ2Ve1FxY5W3JKwXxVFzBODQ6WEvccguhgp802qQLKSnxPODE6WuRZtV+ohlUg4meBA=="
		},
		"unist-util-stringify-position": {
			"version": "2.0.3",
			"resolved": "https://registry.npmjs.org/unist-util-stringify-position/-/unist-util-stringify-position-2.0.3.tgz",
			"integrity": "sha512-3faScn5I+hy9VleOq/qNbAd6pAx7iH5jYBMS9I1HgQVijz/4mv5Bvw5iw1sC/90CODiKo81G/ps8AJrISn687g==",
			"requires": {
				"@types/unist": "^2.0.2"
			}
		},
		"vfile": {
			"version": "4.2.1",
			"resolved": "https://registry.npmjs.org/vfile/-/vfile-4.2.1.tgz",
			"integrity": "sha512-O6AE4OskCG5S1emQ/4gl8zK586RqA3srz3nfK/Viy0UPToBc5Trp9BVFb1u0CjsKrAWwnpr4ifM/KBXPWwJbCA==",
			"requires": {
				"@types/unist": "^2.0.0",
				"is-buffer": "^2.0.0",
				"unist-util-stringify-position": "^2.0.0",
				"vfile-message": "^2.0.0"
			}
		},
		"vfile-message": {
			"version": "2.0.4",
			"resolved": "https://registry.npmjs.org/vfile-message/-/vfile-message-2.0.4.tgz",
			"integrity": "sha512-DjssxRGkMvifUOJre00juHoP9DPWuzjxKuMDrhNbk2TdaYYBNMStsNhEOt3idrtI12VQYM/1+iM0KOzXi4pxwQ==",
			"requires": {
				"@types/unist": "^2.0.0",
				"unist-util-stringify-position": "^2.0.0"
			}
		},
		"wrappy": {
			"version": "1.0.2",
			"resolved": "https://registry.npmjs.org/wrappy/-/wrappy-1.0.2.tgz",
			"integrity": "sha1-tSQ9jz7BqjXxNkYFvA0QNuMKtp8="
		},
		"xtend": {
			"version": "4.0.2",
			"resolved": "https://registry.npmjs.org/xtend/-/xtend-4.0.2.tgz",
			"integrity": "sha512-LKYU1iAXJXUgAXn9URjiu+MWhyUXHsvfp7mcuYm9dSUKK0/CjtrUwFAxD82/mCWbtLsGjFIad0wIsod4zrTAEQ=="
		}
	}
}
